{
  "version": 4,
  "terraform_version": "0.14.4",
  "serial": 2,
  "lineage": "b1706438-5cc7-4d05-a8b5-f609d4144a67",
  "outputs": {
    "cluster": {
      "value": {
        "cluster_id": "domain-c8",
        "cluster_name": null,
        "config_status": null,
        "data_network_static_address_count": 11,
        "data_network_static_starting_address_ipv4": "10.220.47.1",
        "default_kubernetes_service_content_library_id": "cced883b-ea5c-4f3f-927f-c264363a1074",
        "ephemeral_storage_policy_id": "d2f1c214-4c8b-49e2-9a4b-e316c547ec1e",
        "id": "domain-c8",
        "image_storage_policy_id": "d2f1c214-4c8b-49e2-9a4b-e316c547ec1e",
        "kubernetes_status": null,
        "load_balancer_avi_ca_chain": "-----BEGIN CERTIFICATE-----\nMIIDyzCCArOgAwIBAgIUWm5BrpRNRQFocULP5AxaPjPE854wDQYJKoZIhvcNAQEL\nBQAwgYMxCzAJBgNVBAYTAlVTMQswCQYDVQQIDAJDQTESMBAGA1UEBwwJUGFsbyBB\nbHRvMQ8wDQYDVQQKDAZWTXdhcmUxDDAKBgNVBAsMA0gyTzEOMAwGA1UEAwwFYXZp\nMDExJDAiBgkqhkiG9w0BCQEWFXBlenN1cHBvcnRAdm13YXJlLmNvbTAeFw0yMzAz\nMjcxODE4MTlaFw0yNDAzMjYxODE4MTlaMIGDMQswCQYDVQQGEwJVUzELMAkGA1UE\nCAwCQ0ExEjAQBgNVBAcMCVBhbG8gQWx0bzEPMA0GA1UECgwGVk13YXJlMQwwCgYD\nVQQLDANIMk8xDjAMBgNVBAMMBWF2aTAxMSQwIgYJKoZIhvcNAQkBFhVwZXpzdXBw\nb3J0QHZtd2FyZS5jb20wggEiMA0GCSqGSIb3DQEBAQUAA4IBDwAwggEKAoIBAQC8\ngg1/R01hMpqEYE2BCXlgQFpU/Bc9C2obprlc4wjp3xnwHd0261AjRNZuAgWSLfuF\ngt912NPHl2kjfXifNVQD+VXdXzLVVDs/5AkMkoP0rDOVcyaPYhehBiHgAnJAD1o+\nquUS5ivHisNptSIecSPTaWTVdJnTij19sUvLQDdeEUrNHawCiOg/yKCVW2RUVZZM\n0VsxcTd62079VCL1tT5y0sMNv0h/BD1PPVIGVywWm0+r9+BnUwQrtpUkN3J6Fq74\nZWnptcyh/uBmuL6umbr+YWvVyEPDY9OX/zJWocr0AxedXPcHJvFq5OrrjieRZ0Ix\nEJhyZbDFv/lpESju58vNAgMBAAGjNTAzMDEGA1UdEQQqMCiCIGF2aTAxLmgyby03\nNS05MjEwLmgyby52bXdhcmUuY29thwQK3B6CMA0GCSqGSIb3DQEBCwUAA4IBAQCv\n4TMQFg6HrlFmDvHq5XHVsDXrIBGbudqMvSP3lrqY75b/AuESFZOlZWZ1DLugs/5j\nbNVKn2iVwHrnvvW9HPLgUNuMT/ldKg5fH0MDLtZoKobJaScxim8sS+m/okH71NlR\nWIAw0QJcRMBQIhP335YkDJncqur5qonAz0di/CrJ+8s1xV69K4OY5N6M38IkkXWW\nxeeoMsryBxXh3asrkPuq4KGvVHINNnq5jmKkxNX/9YeQn8dsphtQNf794ZO/hNYm\nV1+Pm2MQM8upB3JXc+9UBJFwcCVU7VXG+8+OAT3iB6bw0k4DbkMuYu4GN3e3xqdi\nvTYonv7wt7qKhBaVWgkA\n-----END CERTIFICATE-----\n",
        "load_balancer_avi_host": "avi01.h2o-75-9210.h2o.vmware.com",
        "load_balancer_avi_password": "qBO2OA3Rf7e1X@leQdp",
        "load_balancer_avi_port": 443,
        "load_balancer_avi_username": "admin",
        "load_balancer_id": "vc01cl01",
        "load_balancer_provider": "AVI",
        "master_dns_names": "h2o-75-9210.h2o.vmware.com",
        "master_dns_search_domain": "h2o-75-9210.h2o.vmware.com",
        "master_dns_servers": "10.79.2.6",
        "master_network_id": "dvportgroup-21",
        "master_network_ip_assignment_mode": "STATICRANGE",
        "master_network_provider": "VSPHERE_NETWORK",
        "master_network_static_address_count": 5,
        "master_network_static_gateway_ipv4": "10.220.30.158",
        "master_network_static_starting_address_ipv4": "10.220.30.150",
        "master_network_static_subnet_mask": "255.255.255.224",
        "master_ntp_servers": "10.188.26.119",
        "master_storage_policy_id": "d2f1c214-4c8b-49e2-9a4b-e316c547ec1e",
        "primary_workload_network_name": "user-workload",
        "primary_workload_network_provider": "VSPHERE_NETWORK",
        "primary_workload_network_static_address_count": 50,
        "primary_workload_network_static_gateway_ipv4": "10.220.47.62",
        "primary_workload_network_static_starting_address_ipv4": "10.220.47.12",
        "primary_workload_network_static_subnet_mask": "255.255.255.192",
        "primary_workload_network_vsphere_portgroup_id": "dvportgroup-22",
        "service_cidr_mask": 23,
        "service_cidr_network": "10.96.0.0",
        "worker_dns_servers": "10.79.2.6",
        "workload_ntp_servers": "10.188.26.119"
      },
      "type": [
        "object",
        {
          "cluster_id": "string",
          "cluster_name": "string",
          "config_status": "string",
          "data_network_static_address_count": "number",
          "data_network_static_starting_address_ipv4": "string",
          "default_kubernetes_service_content_library_id": "string",
          "ephemeral_storage_policy_id": "string",
          "id": "string",
          "image_storage_policy_id": "string",
          "kubernetes_status": "string",
          "load_balancer_avi_ca_chain": "string",
          "load_balancer_avi_host": "string",
          "load_balancer_avi_password": "string",
          "load_balancer_avi_port": "number",
          "load_balancer_avi_username": "string",
          "load_balancer_id": "string",
          "load_balancer_provider": "string",
          "master_dns_names": "string",
          "master_dns_search_domain": "string",
          "master_dns_servers": "string",
          "master_network_id": "string",
          "master_network_ip_assignment_mode": "string",
          "master_network_provider": "string",
          "master_network_static_address_count": "number",
          "master_network_static_gateway_ipv4": "string",
          "master_network_static_starting_address_ipv4": "string",
          "master_network_static_subnet_mask": "string",
          "master_ntp_servers": "string",
          "master_storage_policy_id": "string",
          "primary_workload_network_name": "string",
          "primary_workload_network_provider": "string",
          "primary_workload_network_static_address_count": "number",
          "primary_workload_network_static_gateway_ipv4": "string",
          "primary_workload_network_static_starting_address_ipv4": "string",
          "primary_workload_network_static_subnet_mask": "string",
          "primary_workload_network_vsphere_portgroup_id": "string",
          "service_cidr_mask": "number",
          "service_cidr_network": "string",
          "worker_dns_servers": "string",
          "workload_ntp_servers": "string"
        }
      ]
    },
    "content_library": {
      "value": {
        "id": "cced883b-ea5c-4f3f-927f-c264363a1074",
        "name": "vc01cl01-wcp"
      },
      "type": [
        "object",
        {
          "id": "string",
          "name": "string"
        }
      ]
    }
  },
  "resources": [
    {
      "mode": "data",
      "type": "vsphere_compute_cluster",
      "name": "fetch",
      "provider": "provider[\"registry.terraform.io/hashicorp/vsphere\"]",
      "instances": [
        {
          "schema_version": 0,
          "attributes": {
            "datacenter_id": "datacenter-3",
            "id": "domain-c8",
            "name": "vc01cl01",
            "resource_pool_id": "resgroup-9"
          },
          "sensitive_attributes": []
        }
      ]
    },
    {
      "mode": "data",
      "type": "vsphere_content_library",
      "name": "content_library",
      "provider": "provider[\"registry.terraform.io/hashicorp/vsphere\"]",
      "instances": [
        {
          "schema_version": 0,
          "attributes": {
            "id": "cced883b-ea5c-4f3f-927f-c264363a1074",
            "name": "vc01cl01-wcp"
          },
          "sensitive_attributes": []
        }
      ]
    },
    {
      "mode": "data",
      "type": "vsphere_datacenter",
      "name": "dc",
      "provider": "provider[\"registry.terraform.io/hashicorp/vsphere\"]",
      "instances": [
        {
          "schema_version": 0,
          "attributes": {
            "id": "datacenter-3",
            "name": "vc01"
          },
          "sensitive_attributes": []
        }
      ]
    },
    {
      "mode": "data",
      "type": "vsphere_distributed_virtual_switch",
      "name": "vds",
      "provider": "provider[\"registry.terraform.io/hashicorp/vsphere\"]",
      "instances": [
        {
          "schema_version": 0,
          "attributes": {
            "datacenter_id": "datacenter-3",
            "id": "50 01 80 06 62 da d1 ae-e6 b8 83 e9 d9 91 04 e8",
            "name": "vc01-dvs",
            "uplinks": [
              "Uplink 1",
              "Uplink 2"
            ]
          },
          "sensitive_attributes": []
        }
      ]
    },
    {
      "mode": "data",
      "type": "vsphere_network",
      "name": "mgmt_net",
      "provider": "provider[\"registry.terraform.io/hashicorp/vsphere\"]",
      "instances": [
        {
          "schema_version": 0,
          "attributes": {
            "datacenter_id": "datacenter-3",
            "distributed_virtual_switch_uuid": null,
            "id": "dvportgroup-21",
            "name": "esxi-mgmt",
            "type": "DistributedVirtualPortgroup"
          },
          "sensitive_attributes": []
        }
      ]
    },
    {
      "mode": "data",
      "type": "vsphere_network",
      "name": "workload_pg",
      "provider": "provider[\"registry.terraform.io/hashicorp/vsphere\"]",
      "instances": [
        {
          "schema_version": 0,
          "attributes": {
            "datacenter_id": "datacenter-3",
            "distributed_virtual_switch_uuid": null,
            "id": "dvportgroup-22",
            "name": "user-workload",
            "type": "DistributedVirtualPortgroup"
          },
          "sensitive_attributes": []
        }
      ]
    },
    {
      "mode": "data",
      "type": "vsphere_storage_policy",
      "name": "sc",
      "provider": "provider[\"registry.terraform.io/hashicorp/vsphere\"]",
      "instances": [
        {
          "schema_version": 0,
          "attributes": {
            "id": "d2f1c214-4c8b-49e2-9a4b-e316c547ec1e",
            "name": "vc01cl01-t0compute"
          },
          "sensitive_attributes": []
        }
      ]
    },
    {
      "mode": "managed",
      "type": "namespace-management_cluster",
      "name": "supervisor",
      "provider": "provider[\"vmware.com/vcenter/namespace-management\"]",
      "instances": [
        {
          "schema_version": 0,
          "attributes": {
            "cluster_id": "domain-c8",
            "cluster_name": null,
            "config_status": null,
            "data_network_static_address_count": 11,
            "data_network_static_starting_address_ipv4": "10.220.47.1",
            "default_kubernetes_service_content_library_id": "cced883b-ea5c-4f3f-927f-c264363a1074",
            "ephemeral_storage_policy_id": "d2f1c214-4c8b-49e2-9a4b-e316c547ec1e",
            "id": "domain-c8",
            "image_storage_policy_id": "d2f1c214-4c8b-49e2-9a4b-e316c547ec1e",
            "kubernetes_status": null,
            "load_balancer_avi_ca_chain": "-----BEGIN CERTIFICATE-----\nMIIDyzCCArOgAwIBAgIUWm5BrpRNRQFocULP5AxaPjPE854wDQYJKoZIhvcNAQEL\nBQAwgYMxCzAJBgNVBAYTAlVTMQswCQYDVQQIDAJDQTESMBAGA1UEBwwJUGFsbyBB\nbHRvMQ8wDQYDVQQKDAZWTXdhcmUxDDAKBgNVBAsMA0gyTzEOMAwGA1UEAwwFYXZp\nMDExJDAiBgkqhkiG9w0BCQEWFXBlenN1cHBvcnRAdm13YXJlLmNvbTAeFw0yMzAz\nMjcxODE4MTlaFw0yNDAzMjYxODE4MTlaMIGDMQswCQYDVQQGEwJVUzELMAkGA1UE\nCAwCQ0ExEjAQBgNVBAcMCVBhbG8gQWx0bzEPMA0GA1UECgwGVk13YXJlMQwwCgYD\nVQQLDANIMk8xDjAMBgNVBAMMBWF2aTAxMSQwIgYJKoZIhvcNAQkBFhVwZXpzdXBw\nb3J0QHZtd2FyZS5jb20wggEiMA0GCSqGSIb3DQEBAQUAA4IBDwAwggEKAoIBAQC8\ngg1/R01hMpqEYE2BCXlgQFpU/Bc9C2obprlc4wjp3xnwHd0261AjRNZuAgWSLfuF\ngt912NPHl2kjfXifNVQD+VXdXzLVVDs/5AkMkoP0rDOVcyaPYhehBiHgAnJAD1o+\nquUS5ivHisNptSIecSPTaWTVdJnTij19sUvLQDdeEUrNHawCiOg/yKCVW2RUVZZM\n0VsxcTd62079VCL1tT5y0sMNv0h/BD1PPVIGVywWm0+r9+BnUwQrtpUkN3J6Fq74\nZWnptcyh/uBmuL6umbr+YWvVyEPDY9OX/zJWocr0AxedXPcHJvFq5OrrjieRZ0Ix\nEJhyZbDFv/lpESju58vNAgMBAAGjNTAzMDEGA1UdEQQqMCiCIGF2aTAxLmgyby03\nNS05MjEwLmgyby52bXdhcmUuY29thwQK3B6CMA0GCSqGSIb3DQEBCwUAA4IBAQCv\n4TMQFg6HrlFmDvHq5XHVsDXrIBGbudqMvSP3lrqY75b/AuESFZOlZWZ1DLugs/5j\nbNVKn2iVwHrnvvW9HPLgUNuMT/ldKg5fH0MDLtZoKobJaScxim8sS+m/okH71NlR\nWIAw0QJcRMBQIhP335YkDJncqur5qonAz0di/CrJ+8s1xV69K4OY5N6M38IkkXWW\nxeeoMsryBxXh3asrkPuq4KGvVHINNnq5jmKkxNX/9YeQn8dsphtQNf794ZO/hNYm\nV1+Pm2MQM8upB3JXc+9UBJFwcCVU7VXG+8+OAT3iB6bw0k4DbkMuYu4GN3e3xqdi\nvTYonv7wt7qKhBaVWgkA\n-----END CERTIFICATE-----\n",
            "load_balancer_avi_host": "avi01.h2o-75-9210.h2o.vmware.com",
            "load_balancer_avi_password": "qBO2OA3Rf7e1X@leQdp",
            "load_balancer_avi_port": 443,
            "load_balancer_avi_username": "admin",
            "load_balancer_id": "vc01cl01",
            "load_balancer_provider": "AVI",
            "master_dns_names": "h2o-75-9210.h2o.vmware.com",
            "master_dns_search_domain": "h2o-75-9210.h2o.vmware.com",
            "master_dns_servers": "10.79.2.6",
            "master_network_id": "dvportgroup-21",
            "master_network_ip_assignment_mode": "STATICRANGE",
            "master_network_provider": "VSPHERE_NETWORK",
            "master_network_static_address_count": 5,
            "master_network_static_gateway_ipv4": "10.220.30.158",
            "master_network_static_starting_address_ipv4": "10.220.30.150",
            "master_network_static_subnet_mask": "255.255.255.224",
            "master_ntp_servers": "10.188.26.119",
            "master_storage_policy_id": "d2f1c214-4c8b-49e2-9a4b-e316c547ec1e",
            "primary_workload_network_name": "user-workload",
            "primary_workload_network_provider": "VSPHERE_NETWORK",
            "primary_workload_network_static_address_count": 50,
            "primary_workload_network_static_gateway_ipv4": "10.220.47.62",
            "primary_workload_network_static_starting_address_ipv4": "10.220.47.12",
            "primary_workload_network_static_subnet_mask": "255.255.255.192",
            "primary_workload_network_vsphere_portgroup_id": "dvportgroup-22",
            "service_cidr_mask": 23,
            "service_cidr_network": "10.96.0.0",
            "worker_dns_servers": "10.79.2.6",
            "workload_ntp_servers": "10.188.26.119"
          },
          "sensitive_attributes": [],
          "private": "bnVsbA==",
          "dependencies": [
            "data.vsphere_compute_cluster.fetch",
            "data.vsphere_content_library.content_library",
            "data.vsphere_network.mgmt_net",
            "data.vsphere_network.workload_pg",
            "data.vsphere_storage_policy.sc"
          ]
        }
      ]
    }
  ]
}
